// !$*UTF8*$!
{
	archiveVersion = 1;
	classes = {
	};
	objectVersion = 46;
	objects = {

/* Begin PBXBuildFile section */
		055F52141C9F266C00DE84BA /* PinAnnotation.swift in Sources */ = {isa = PBXBuildFile; fileRef = 055F52131C9F266C00DE84BA /* PinAnnotation.swift */; };
		05A703551C9738040008A8A1 /* UIButton+border.swift in Sources */ = {isa = PBXBuildFile; fileRef = 05A703541C9738040008A8A1 /* UIButton+border.swift */; };
		05C190141C9837AE006EBBA3 /* picto_GeolocalisationBlanc.png in Resources */ = {isa = PBXBuildFile; fileRef = 05C190131C9837AE006EBBA3 /* picto_GeolocalisationBlanc.png */; };
		05D604671C832349005C914F /* AppDelegate.swift in Sources */ = {isa = PBXBuildFile; fileRef = 05D604661C832349005C914F /* AppDelegate.swift */; };
		05D604691C832349005C914F /* ViewController.swift in Sources */ = {isa = PBXBuildFile; fileRef = 05D604681C832349005C914F /* ViewController.swift */; };
		05D6046C1C832349005C914F /* Main.storyboard in Resources */ = {isa = PBXBuildFile; fileRef = 05D6046A1C832349005C914F /* Main.storyboard */; };
		05D6046E1C832349005C914F /* Assets.xcassets in Resources */ = {isa = PBXBuildFile; fileRef = 05D6046D1C832349005C914F /* Assets.xcassets */; };
		05D604711C832349005C914F /* LaunchScreen.storyboard in Resources */ = {isa = PBXBuildFile; fileRef = 05D6046F1C832349005C914F /* LaunchScreen.storyboard */; };
		05D6047C1C832349005C914F /* parkyTests.swift in Sources */ = {isa = PBXBuildFile; fileRef = 05D6047B1C832349005C914F /* parkyTests.swift */; };
		05D604871C832349005C914F /* parkyUITests.swift in Sources */ = {isa = PBXBuildFile; fileRef = 05D604861C832349005C914F /* parkyUITests.swift */; };
		05DA22821CA8400B006A9783 /* Quicksand_Bold_Oblique.otf in Resources */ = {isa = PBXBuildFile; fileRef = 05DA227B1CA8400B006A9783 /* Quicksand_Bold_Oblique.otf */; };
		05DA22831CA8400B006A9783 /* Quicksand_Bold.otf in Resources */ = {isa = PBXBuildFile; fileRef = 05DA227C1CA8400B006A9783 /* Quicksand_Bold.otf */; };
		05DA22841CA8400B006A9783 /* Quicksand_Book_Oblique.otf in Resources */ = {isa = PBXBuildFile; fileRef = 05DA227D1CA8400B006A9783 /* Quicksand_Book_Oblique.otf */; };
		05DA22851CA8400B006A9783 /* Quicksand_Book.otf in Resources */ = {isa = PBXBuildFile; fileRef = 05DA227E1CA8400B006A9783 /* Quicksand_Book.otf */; };
		05DA22861CA8400B006A9783 /* Quicksand_Dash.otf in Resources */ = {isa = PBXBuildFile; fileRef = 05DA227F1CA8400B006A9783 /* Quicksand_Dash.otf */; };
		05DA22871CA8400B006A9783 /* Quicksand_Light_Oblique.otf in Resources */ = {isa = PBXBuildFile; fileRef = 05DA22801CA8400B006A9783 /* Quicksand_Light_Oblique.otf */; };
		05DA22881CA8400B006A9783 /* Quicksand_Light.otf in Resources */ = {isa = PBXBuildFile; fileRef = 05DA22811CA8400B006A9783 /* Quicksand_Light.otf */; };
		05DD18F41C8C992A005A56BB /* Router.swift in Sources */ = {isa = PBXBuildFile; fileRef = 05DD18F31C8C992A005A56BB /* Router.swift */; };
		05DD18F61C8CD66D005A56BB /* Horodateur.swift in Sources */ = {isa = PBXBuildFile; fileRef = 05DD18F51C8CD66D005A56BB /* Horodateur.swift */; };
		89E5F424C10B9A39720F471A /* Pods.framework in Frameworks */ = {isa = PBXBuildFile; fileRef = 1C6E011D0EA05D77BD789A5B /* Pods.framework */; };
/* End PBXBuildFile section */

/* Begin PBXContainerItemProxy section */
		05D604781C832349005C914F /* PBXContainerItemProxy */ = {
			isa = PBXContainerItemProxy;
			containerPortal = 05D6045B1C832349005C914F /* Project object */;
			proxyType = 1;
			remoteGlobalIDString = 05D604621C832349005C914F;
			remoteInfo = parky;
		};
		05D604831C832349005C914F /* PBXContainerItemProxy */ = {
			isa = PBXContainerItemProxy;
			containerPortal = 05D6045B1C832349005C914F /* Project object */;
			proxyType = 1;
			remoteGlobalIDString = 05D604621C832349005C914F;
			remoteInfo = parky;
		};
/* End PBXContainerItemProxy section */

/* Begin PBXFileReference section */
		055F52131C9F266C00DE84BA /* PinAnnotation.swift */ = {isa = PBXFileReference; fileEncoding = 4; lastKnownFileType = sourcecode.swift; path = PinAnnotation.swift; sourceTree = "<group>"; };
		05A703541C9738040008A8A1 /* UIButton+border.swift */ = {isa = PBXFileReference; fileEncoding = 4; lastKnownFileType = sourcecode.swift; path = "UIButton+border.swift"; sourceTree = "<group>"; };
		05C190131C9837AE006EBBA3 /* picto_GeolocalisationBlanc.png */ = {isa = PBXFileReference; lastKnownFileType = image.png; name = picto_GeolocalisationBlanc.png; path = ../../Downloads/picto_GeolocalisationBlanc.png; sourceTree = "<group>"; };
		05D604631C832349005C914F /* parky.app */ = {isa = PBXFileReference; explicitFileType = wrapper.application; includeInIndex = 0; path = parky.app; sourceTree = BUILT_PRODUCTS_DIR; };
		05D604661C832349005C914F /* AppDelegate.swift */ = {isa = PBXFileReference; lastKnownFileType = sourcecode.swift; path = AppDelegate.swift; sourceTree = "<group>"; };
		05D604681C832349005C914F /* ViewController.swift */ = {isa = PBXFileReference; lastKnownFileType = sourcecode.swift; path = ViewController.swift; sourceTree = "<group>"; };
		05D6046B1C832349005C914F /* Base */ = {isa = PBXFileReference; lastKnownFileType = file.storyboard; name = Base; path = Base.lproj/Main.storyboard; sourceTree = "<group>"; };
		05D6046D1C832349005C914F /* Assets.xcassets */ = {isa = PBXFileReference; lastKnownFileType = folder.assetcatalog; path = Assets.xcassets; sourceTree = "<group>"; };
		05D604701C832349005C914F /* Base */ = {isa = PBXFileReference; lastKnownFileType = file.storyboard; name = Base; path = Base.lproj/LaunchScreen.storyboard; sourceTree = "<group>"; };
		05D604721C832349005C914F /* Info.plist */ = {isa = PBXFileReference; lastKnownFileType = text.plist.xml; path = Info.plist; sourceTree = "<group>"; };
		05D604771C832349005C914F /* parkyTests.xctest */ = {isa = PBXFileReference; explicitFileType = wrapper.cfbundle; includeInIndex = 0; path = parkyTests.xctest; sourceTree = BUILT_PRODUCTS_DIR; };
		05D6047B1C832349005C914F /* parkyTests.swift */ = {isa = PBXFileReference; lastKnownFileType = sourcecode.swift; path = parkyTests.swift; sourceTree = "<group>"; };
		05D6047D1C832349005C914F /* Info.plist */ = {isa = PBXFileReference; lastKnownFileType = text.plist.xml; path = Info.plist; sourceTree = "<group>"; };
		05D604821C832349005C914F /* parkyUITests.xctest */ = {isa = PBXFileReference; explicitFileType = wrapper.cfbundle; includeInIndex = 0; path = parkyUITests.xctest; sourceTree = BUILT_PRODUCTS_DIR; };
		05D604861C832349005C914F /* parkyUITests.swift */ = {isa = PBXFileReference; lastKnownFileType = sourcecode.swift; path = parkyUITests.swift; sourceTree = "<group>"; };
		05D604881C832349005C914F /* Info.plist */ = {isa = PBXFileReference; lastKnownFileType = text.plist.xml; path = Info.plist; sourceTree = "<group>"; };
		05DA227B1CA8400B006A9783 /* Quicksand_Bold_Oblique.otf */ = {isa = PBXFileReference; lastKnownFileType = file; name = Quicksand_Bold_Oblique.otf; path = ../../Downloads/quicksand/Quicksand_Bold_Oblique.otf; sourceTree = "<group>"; };
		05DA227C1CA8400B006A9783 /* Quicksand_Bold.otf */ = {isa = PBXFileReference; lastKnownFileType = file; name = Quicksand_Bold.otf; path = ../../Downloads/quicksand/Quicksand_Bold.otf; sourceTree = "<group>"; };
		05DA227D1CA8400B006A9783 /* Quicksand_Book_Oblique.otf */ = {isa = PBXFileReference; lastKnownFileType = file; name = Quicksand_Book_Oblique.otf; path = ../../Downloads/quicksand/Quicksand_Book_Oblique.otf; sourceTree = "<group>"; };
		05DA227E1CA8400B006A9783 /* Quicksand_Book.otf */ = {isa = PBXFileReference; lastKnownFileType = file; name = Quicksand_Book.otf; path = ../../Downloads/quicksand/Quicksand_Book.otf; sourceTree = "<group>"; };
		05DA227F1CA8400B006A9783 /* Quicksand_Dash.otf */ = {isa = PBXFileReference; lastKnownFileType = file; name = Quicksand_Dash.otf; path = ../../Downloads/quicksand/Quicksand_Dash.otf; sourceTree = "<group>"; };
		05DA22801CA8400B006A9783 /* Quicksand_Light_Oblique.otf */ = {isa = PBXFileReference; lastKnownFileType = file; name = Quicksand_Light_Oblique.otf; path = ../../Downloads/quicksand/Quicksand_Light_Oblique.otf; sourceTree = "<group>"; };
		05DA22811CA8400B006A9783 /* Quicksand_Light.otf */ = {isa = PBXFileReference; lastKnownFileType = file; name = Quicksand_Light.otf; path = ../../Downloads/quicksand/Quicksand_Light.otf; sourceTree = "<group>"; };
		05DD18F31C8C992A005A56BB /* Router.swift */ = {isa = PBXFileReference; fileEncoding = 4; lastKnownFileType = sourcecode.swift; path = Router.swift; sourceTree = "<group>"; };
		05DD18F51C8CD66D005A56BB /* Horodateur.swift */ = {isa = PBXFileReference; fileEncoding = 4; lastKnownFileType = sourcecode.swift; path = Horodateur.swift; sourceTree = "<group>"; };
		1C6E011D0EA05D77BD789A5B /* Pods.framework */ = {isa = PBXFileReference; explicitFileType = wrapper.framework; includeInIndex = 0; path = Pods.framework; sourceTree = BUILT_PRODUCTS_DIR; };
		EF126C5359FED78972CA1B0F /* Pods.debug.xcconfig */ = {isa = PBXFileReference; includeInIndex = 1; lastKnownFileType = text.xcconfig; name = Pods.debug.xcconfig; path = "Pods/Target Support Files/Pods/Pods.debug.xcconfig"; sourceTree = "<group>"; };
		FB15CC181F80D0D8117C380B /* Pods.release.xcconfig */ = {isa = PBXFileReference; includeInIndex = 1; lastKnownFileType = text.xcconfig; name = Pods.release.xcconfig; path = "Pods/Target Support Files/Pods/Pods.release.xcconfig"; sourceTree = "<group>"; };
/* End PBXFileReference section */

/* Begin PBXFrameworksBuildPhase section */
		05D604601C832349005C914F /* Frameworks */ = {
			isa = PBXFrameworksBuildPhase;
			buildActionMask = 2147483647;
			files = (
				89E5F424C10B9A39720F471A /* Pods.framework in Frameworks */,
			);
			runOnlyForDeploymentPostprocessing = 0;
		};
		05D604741C832349005C914F /* Frameworks */ = {
			isa = PBXFrameworksBuildPhase;
			buildActionMask = 2147483647;
			files = (
			);
			runOnlyForDeploymentPostprocessing = 0;
		};
		05D6047F1C832349005C914F /* Frameworks */ = {
			isa = PBXFrameworksBuildPhase;
			buildActionMask = 2147483647;
			files = (
			);
			runOnlyForDeploymentPostprocessing = 0;
		};
/* End PBXFrameworksBuildPhase section */

/* Begin PBXGroup section */
		057699BD1C832DE600C05D79 /* classes */ = {
			isa = PBXGroup;
			children = (
				057699C51C832F1000C05D79 /* servives */,
				05D604661C832349005C914F /* AppDelegate.swift */,
				057699C41C832EE000C05D79 /* managers */,
				057699C31C832EDA00C05D79 /* models */,
				057699C21C832ED500C05D79 /* controllers */,
			);
			name = classes;
			sourceTree = "<group>";
		};
		057699BE1C832DEF00C05D79 /* ressource */ = {
			isa = PBXGroup;
			children = (
				05DA227B1CA8400B006A9783 /* Quicksand_Bold_Oblique.otf */,
				05DA227C1CA8400B006A9783 /* Quicksand_Bold.otf */,
				05DA227D1CA8400B006A9783 /* Quicksand_Book_Oblique.otf */,
				05DA227E1CA8400B006A9783 /* Quicksand_Book.otf */,
				05DA227F1CA8400B006A9783 /* Quicksand_Dash.otf */,
				05DA22801CA8400B006A9783 /* Quicksand_Light_Oblique.otf */,
				05DA22811CA8400B006A9783 /* Quicksand_Light.otf */,
				057699C11C832EB700C05D79 /* plist */,
				057699C01C832E5200C05D79 /* assets */,
				057699BF1C832E2A00C05D79 /* storyboard */,
			);
			name = ressource;
			sourceTree = "<group>";
		};
		057699BF1C832E2A00C05D79 /* storyboard */ = {
			isa = PBXGroup;
			children = (
				05D6046A1C832349005C914F /* Main.storyboard */,
				05D6046F1C832349005C914F /* LaunchScreen.storyboard */,
			);
			name = storyboard;
			sourceTree = "<group>";
		};
		057699C01C832E5200C05D79 /* assets */ = {
			isa = PBXGroup;
			children = (
				05C190131C9837AE006EBBA3 /* picto_GeolocalisationBlanc.png */,
				05D6046D1C832349005C914F /* Assets.xcassets */,
			);
			name = assets;
			sourceTree = "<group>";
		};
		057699C11C832EB700C05D79 /* plist */ = {
			isa = PBXGroup;
			children = (
				05D604721C832349005C914F /* Info.plist */,
			);
			name = plist;
			sourceTree = "<group>";
		};
		057699C21C832ED500C05D79 /* controllers */ = {
			isa = PBXGroup;
			children = (
				05D604681C832349005C914F /* ViewController.swift */,
				05A703541C9738040008A8A1 /* UIButton+border.swift */,
			);
			name = controllers;
			sourceTree = "<group>";
		};
		057699C31C832EDA00C05D79 /* models */ = {
			isa = PBXGroup;
			children = (
				05DD18F51C8CD66D005A56BB /* Horodateur.swift */,
				055F52131C9F266C00DE84BA /* PinAnnotation.swift */,
			);
			name = models;
			sourceTree = "<group>";
		};
		057699C41C832EE000C05D79 /* managers */ = {
			isa = PBXGroup;
			children = (
			);
			name = managers;
			sourceTree = "<group>";
		};
		057699C51C832F1000C05D79 /* servives */ = {
			isa = PBXGroup;
			children = (
				05DD18F31C8C992A005A56BB /* Router.swift */,
			);
			name = servives;
			sourceTree = "<group>";
		};
		05D6045A1C832349005C914F = {
			isa = PBXGroup;
			children = (
				05D604651C832349005C914F /* parky */,
				05D6047A1C832349005C914F /* parkyTests */,
				05D604851C832349005C914F /* parkyUITests */,
				05D604641C832349005C914F /* Products */,
				E960756BBCA3AA028650D9F0 /* Pods */,
				85EFEB61F3FA8173EEA72F7D /* Frameworks */,
			);
			sourceTree = "<group>";
		};
		05D604641C832349005C914F /* Products */ = {
			isa = PBXGroup;
			children = (
				05D604631C832349005C914F /* parky.app */,
				05D604771C832349005C914F /* parkyTests.xctest */,
				05D604821C832349005C914F /* parkyUITests.xctest */,
			);
			name = Products;
			sourceTree = "<group>";
		};
		05D604651C832349005C914F /* parky */ = {
			isa = PBXGroup;
			children = (
				057699BE1C832DEF00C05D79 /* ressource */,
				057699BD1C832DE600C05D79 /* classes */,
			);
			path = parky;
			sourceTree = "<group>";
		};
		05D6047A1C832349005C914F /* parkyTests */ = {
			isa = PBXGroup;
			children = (
				05D6047B1C832349005C914F /* parkyTests.swift */,
				05D6047D1C832349005C914F /* Info.plist */,
			);
			path = parkyTests;
			sourceTree = "<group>";
		};
		05D604851C832349005C914F /* parkyUITests */ = {
			isa = PBXGroup;
			children = (
				05D604861C832349005C914F /* parkyUITests.swift */,
				05D604881C832349005C914F /* Info.plist */,
			);
			path = parkyUITests;
			sourceTree = "<group>";
		};
		85EFEB61F3FA8173EEA72F7D /* Frameworks */ = {
			isa = PBXGroup;
			children = (
				1C6E011D0EA05D77BD789A5B /* Pods.framework */,
			);
			name = Frameworks;
			sourceTree = "<group>";
		};
		E960756BBCA3AA028650D9F0 /* Pods */ = {
			isa = PBXGroup;
			children = (
				EF126C5359FED78972CA1B0F /* Pods.debug.xcconfig */,
				FB15CC181F80D0D8117C380B /* Pods.release.xcconfig */,
			);
			name = Pods;
			sourceTree = "<group>";
		};
/* End PBXGroup section */

/* Begin PBXNativeTarget section */
		05D604621C832349005C914F /* parky */ = {
			isa = PBXNativeTarget;
			buildConfigurationList = 05D6048B1C832349005C914F /* Build configuration list for PBXNativeTarget "parky" */;
			buildPhases = (
				DEB8C94B63FB1176D2F2958D /* Check Pods Manifest.lock */,
				05D6045F1C832349005C914F /* Sources */,
				05D604601C832349005C914F /* Frameworks */,
				05D604611C832349005C914F /* Resources */,
				E4D87D1A8E1FFF737B530DC7 /* Embed Pods Frameworks */,
				A2BCC6A62ED4D074AFC68C36 /* Copy Pods Resources */,
				05A703531C95B3310008A8A1 /* ShellScript */,
			);
			buildRules = (
			);
			dependencies = (
			);
			name = parky;
			productName = parky;
			productReference = 05D604631C832349005C914F /* parky.app */;
			productType = "com.apple.product-type.application";
		};
		05D604761C832349005C914F /* parkyTests */ = {
			isa = PBXNativeTarget;
			buildConfigurationList = 05D6048E1C832349005C914F /* Build configuration list for PBXNativeTarget "parkyTests" */;
			buildPhases = (
				05D604731C832349005C914F /* Sources */,
				05D604741C832349005C914F /* Frameworks */,
				05D604751C832349005C914F /* Resources */,
			);
			buildRules = (
			);
			dependencies = (
				05D604791C832349005C914F /* PBXTargetDependency */,
			);
			name = parkyTests;
			productName = parkyTests;
			productReference = 05D604771C832349005C914F /* parkyTests.xctest */;
			productType = "com.apple.product-type.bundle.unit-test";
		};
		05D604811C832349005C914F /* parkyUITests */ = {
			isa = PBXNativeTarget;
			buildConfigurationList = 05D604911C832349005C914F /* Build configuration list for PBXNativeTarget "parkyUITests" */;
			buildPhases = (
				05D6047E1C832349005C914F /* Sources */,
				05D6047F1C832349005C914F /* Frameworks */,
				05D604801C832349005C914F /* Resources */,
			);
			buildRules = (
			);
			dependencies = (
				05D604841C832349005C914F /* PBXTargetDependency */,
			);
			name = parkyUITests;
			productName = parkyUITests;
			productReference = 05D604821C832349005C914F /* parkyUITests.xctest */;
			productType = "com.apple.product-type.bundle.ui-testing";
		};
/* End PBXNativeTarget section */

/* Begin PBXProject section */
		05D6045B1C832349005C914F /* Project object */ = {
			isa = PBXProject;
			attributes = {
				LastSwiftUpdateCheck = 0720;
				LastUpgradeCheck = 0720;
				ORGANIZATIONNAME = "Alexis Suard";
				TargetAttributes = {
					05D604621C832349005C914F = {
						CreatedOnToolsVersion = 7.2;
					};
					05D604761C832349005C914F = {
						CreatedOnToolsVersion = 7.2;
						TestTargetID = 05D604621C832349005C914F;
					};
					05D604811C832349005C914F = {
						CreatedOnToolsVersion = 7.2;
						TestTargetID = 05D604621C832349005C914F;
					};
				};
			};
			buildConfigurationList = 05D6045E1C832349005C914F /* Build configuration list for PBXProject "parky" */;
			compatibilityVersion = "Xcode 3.2";
			developmentRegion = English;
			hasScannedForEncodings = 0;
			knownRegions = (
				en,
				Base,
			);
			mainGroup = 05D6045A1C832349005C914F;
			productRefGroup = 05D604641C832349005C914F /* Products */;
			projectDirPath = "";
			projectRoot = "";
			targets = (
				05D604621C832349005C914F /* parky */,
				05D604761C832349005C914F /* parkyTests */,
				05D604811C832349005C914F /* parkyUITests */,
			);
		};
/* End PBXProject section */

/* Begin PBXResourcesBuildPhase section */
		05D604611C832349005C914F /* Resources */ = {
			isa = PBXResourcesBuildPhase;
			buildActionMask = 2147483647;
			files = (
				05C190141C9837AE006EBBA3 /* picto_GeolocalisationBlanc.png in Resources */,
				05DA22841CA8400B006A9783 /* Quicksand_Book_Oblique.otf in Resources */,
				05DA22871CA8400B006A9783 /* Quicksand_Light_Oblique.otf in Resources */,
				05DA22881CA8400B006A9783 /* Quicksand_Light.otf in Resources */,
				05D604711C832349005C914F /* LaunchScreen.storyboard in Resources */,
				05DA22831CA8400B006A9783 /* Quicksand_Bold.otf in Resources */,
				05D6046E1C832349005C914F /* Assets.xcassets in Resources */,
				05D6046C1C832349005C914F /* Main.storyboard in Resources */,
				05DA22861CA8400B006A9783 /* Quicksand_Dash.otf in Resources */,
				05DA22851CA8400B006A9783 /* Quicksand_Book.otf in Resources */,
				05DA22821CA8400B006A9783 /* Quicksand_Bold_Oblique.otf in Resources */,
			);
			runOnlyForDeploymentPostprocessing = 0;
		};
		05D604751C832349005C914F /* Resources */ = {
			isa = PBXResourcesBuildPhase;
			buildActionMask = 2147483647;
			files = (
			);
			runOnlyForDeploymentPostprocessing = 0;
		};
		05D604801C832349005C914F /* Resources */ = {
			isa = PBXResourcesBuildPhase;
			buildActionMask = 2147483647;
			files = (
			);
			runOnlyForDeploymentPostprocessing = 0;
		};
/* End PBXResourcesBuildPhase section */

/* Begin PBXShellScriptBuildPhase section */
		05A703531C95B3310008A8A1 /* ShellScript */ = {
			isa = PBXShellScriptBuildPhase;
			buildActionMask = 2147483647;
			files = (
			);
			inputPaths = (
			);
			outputPaths = (
			);
			runOnlyForDeploymentPostprocessing = 0;
			shellPath = /bin/sh;
			shellScript = "\"${PODS_ROOT}/Fabric/run\" 7eba8c41c7c492ce3106dab3fa66e79c4d796a9c f1c051aecf63e4857515b0772a7a057446c270b87533d28e0d2228590a56be42";
		};
		A2BCC6A62ED4D074AFC68C36 /* Copy Pods Resources */ = {
			isa = PBXShellScriptBuildPhase;
			buildActionMask = 2147483647;
			files = (
			);
			inputPaths = (
			);
			name = "Copy Pods Resources";
			outputPaths = (
			);
			runOnlyForDeploymentPostprocessing = 0;
			shellPath = /bin/sh;
			shellScript = "\"${SRCROOT}/Pods/Target Support Files/Pods/Pods-resources.sh\"\n";
			showEnvVarsInLog = 0;
		};
		DEB8C94B63FB1176D2F2958D /* Check Pods Manifest.lock */ = {
			isa = PBXShellScriptBuildPhase;
			buildActionMask = 2147483647;
			files = (
			);
			inputPaths = (
			);
			name = "Check Pods Manifest.lock";
			outputPaths = (
			);
			runOnlyForDeploymentPostprocessing = 0;
			shellPath = /bin/sh;
			shellScript = "diff \"${PODS_ROOT}/../Podfile.lock\" \"${PODS_ROOT}/Manifest.lock\" > /dev/null\nif [[ $? != 0 ]] ; then\n    cat << EOM\nerror: The sandbox is not in sync with the Podfile.lock. Run 'pod install' or update your CocoaPods installation.\nEOM\n    exit 1\nfi\n";
			showEnvVarsInLog = 0;
		};
		E4D87D1A8E1FFF737B530DC7 /* Embed Pods Frameworks */ = {
			isa = PBXShellScriptBuildPhase;
			buildActionMask = 2147483647;
			files = (
			);
			inputPaths = (
			);
			name = "Embed Pods Frameworks";
			outputPaths = (
			);
			runOnlyForDeploymentPostprocessing = 0;
			shellPath = /bin/sh;
			shellScript = "\"${SRCROOT}/Pods/Target Support Files/Pods/Pods-frameworks.sh\"\n";
			showEnvVarsInLog = 0;
		};
/* End PBXShellScriptBuildPhase section */

/* Begin PBXSourcesBuildPhase section */
		05D6045F1C832349005C914F /* Sources */ = {
			isa = PBXSourcesBuildPhase;
			buildActionMask = 2147483647;
			files = (
				05A703551C9738040008A8A1 /* UIButton+border.swift in Sources */,
				05DD18F61C8CD66D005A56BB /* Horodateur.swift in Sources */,
				05D604691C832349005C914F /* ViewController.swift in Sources */,
				05DD18F41C8C992A005A56BB /* Router.swift in Sources */,
				055F52141C9F266C00DE84BA /* PinAnnotation.swift in Sources */,
				05D604671C832349005C914F /* AppDelegate.swift in Sources */,
			);
			runOnlyForDeploymentPostprocessing = 0;
		};
		05D604731C832349005C914F /* Sources */ = {
			isa = PBXSourcesBuildPhase;
			buildActionMask = 2147483647;
			files = (
				05D6047C1C832349005C914F /* parkyTests.swift in Sources */,
			);
			runOnlyForDeploymentPostprocessing = 0;
		};
		05D6047E1C832349005C914F /* Sources */ = {
			isa = PBXSourcesBuildPhase;
			buildActionMask = 2147483647;
			files = (
				05D604871C832349005C914F /* parkyUITests.swift in Sources */,
			);
			runOnlyForDeploymentPostprocessing = 0;
		};
/* End PBXSourcesBuildPhase section */

/* Begin PBXTargetDependency section */
		05D604791C832349005C914F /* PBXTargetDependency */ = {
			isa = PBXTargetDependency;
			target = 05D604621C832349005C914F /* parky */;
			targetProxy = 05D604781C832349005C914F /* PBXContainerItemProxy */;
		};
		05D604841C832349005C914F /* PBXTargetDependency */ = {
			isa = PBXTargetDependency;
			target = 05D604621C832349005C914F /* parky */;
			targetProxy = 05D604831C832349005C914F /* PBXContainerItemProxy */;
		};
/* End PBXTargetDependency section */

/* Begin PBXVariantGroup section */
		05D6046A1C832349005C914F /* Main.storyboard */ = {
			isa = PBXVariantGroup;
			children = (
				05D6046B1C832349005C914F /* Base */,
			);
			name = Main.storyboard;
			sourceTree = "<group>";
		};
		05D6046F1C832349005C914F /* LaunchScreen.storyboard */ = {
			isa = PBXVariantGroup;
			children = (
				05D604701C832349005C914F /* Base */,
			);
			name = LaunchScreen.storyboard;
			sourceTree = "<group>";
		};
/* End PBXVariantGroup section */

/* Begin XCBuildConfiguration section */
		05D604891C832349005C914F /* Debug */ = {
			isa = XCBuildConfiguration;
			buildSettings = {
				ALWAYS_SEARCH_USER_PATHS = NO;
				CLANG_CXX_LANGUAGE_STANDARD = "gnu++0x";
				CLANG_CXX_LIBRARY = "libc++";
				CLANG_ENABLE_MODULES = YES;
				CLANG_ENABLE_OBJC_ARC = YES;
				CLANG_WARN_BOOL_CONVERSION = YES;
				CLANG_WARN_CONSTANT_CONVERSION = YES;
				CLANG_WARN_DIRECT_OBJC_ISA_USAGE = YES_ERROR;
				CLANG_WARN_EMPTY_BODY = YES;
				CLANG_WARN_ENUM_CONVERSION = YES;
				CLANG_WARN_INT_CONVERSION = YES;
				CLANG_WARN_OBJC_ROOT_CLASS = YES_ERROR;
				CLANG_WARN_UNREACHABLE_CODE = YES;
				CLANG_WARN__DUPLICATE_METHOD_MATCH = YES;
				"CODE_SIGN_IDENTITY[sdk=iphoneos*]" = "iPhone Developer";
				COPY_PHASE_STRIP = NO;
				DEBUG_INFORMATION_FORMAT = dwarf;
				ENABLE_STRICT_OBJC_MSGSEND = YES;
				ENABLE_TESTABILITY = YES;
				GCC_C_LANGUAGE_STANDARD = gnu99;
				GCC_DYNAMIC_NO_PIC = NO;
				GCC_NO_COMMON_BLOCKS = YES;
				GCC_OPTIMIZATION_LEVEL = 0;
				GCC_PREPROCESSOR_DEFINITIONS = (
					"DEBUG=1",
					"$(inherited)",
				);
				GCC_WARN_64_TO_32_BIT_CONVERSION = YES;
				GCC_WARN_ABOUT_RETURN_TYPE = YES_ERROR;
				GCC_WARN_UNDECLARED_SELECTOR = YES;
				GCC_WARN_UNINITIALIZED_AUTOS = YES_AGGRESSIVE;
				GCC_WARN_UNUSED_FUNCTION = YES;
				GCC_WARN_UNUSED_VARIABLE = YES;
				IPHONEOS_DEPLOYMENT_TARGET = 9.2;
				MTL_ENABLE_DEBUG_INFO = YES;
				ONLY_ACTIVE_ARCH = YES;
				SDKROOT = iphoneos;
				SWIFT_OPTIMIZATION_LEVEL = "-Onone";
				TARGETED_DEVICE_FAMILY = "1,2";
			};
			name = Debug;
		};
		05D6048A1C832349005C914F /* Release */ = {
			isa = XCBuildConfiguration;
			buildSettings = {
				ALWAYS_SEARCH_USER_PATHS = NO;
				CLANG_CXX_LANGUAGE_STANDARD = "gnu++0x";
				CLANG_CXX_LIBRARY = "libc++";
				CLANG_ENABLE_MODULES = YES;
				CLANG_ENABLE_OBJC_ARC = YES;
				CLANG_WARN_BOOL_CONVERSION = YES;
				CLANG_WARN_CONSTANT_CONVERSION = YES;
				CLANG_WARN_DIRECT_OBJC_ISA_USAGE = YES_ERROR;
				CLANG_WARN_EMPTY_BODY = YES;
				CLANG_WARN_ENUM_CONVERSION = YES;
				CLANG_WARN_INT_CONVERSION = YES;
				CLANG_WARN_OBJC_ROOT_CLASS = YES_ERROR;
				CLANG_WARN_UNREACHABLE_CODE = YES;
				CLANG_WARN__DUPLICATE_METHOD_MATCH = YES;
				"CODE_SIGN_IDENTITY[sdk=iphoneos*]" = "iPhone Developer";
				COPY_PHASE_STRIP = NO;
				DEBUG_INFORMATION_FORMAT = "dwarf-with-dsym";
				ENABLE_NS_ASSERTIONS = NO;
				ENABLE_STRICT_OBJC_MSGSEND = YES;
				GCC_C_LANGUAGE_STANDARD = gnu99;
				GCC_NO_COMMON_BLOCKS = YES;
				GCC_WARN_64_TO_32_BIT_CONVERSION = YES;
				GCC_WARN_ABOUT_RETURN_TYPE = YES_ERROR;
				GCC_WARN_UNDECLARED_SELECTOR = YES;
				GCC_WARN_UNINITIALIZED_AUTOS = YES_AGGRESSIVE;
				GCC_WARN_UNUSED_FUNCTION = YES;
				GCC_WARN_UNUSED_VARIABLE = YES;
				IPHONEOS_DEPLOYMENT_TARGET = 9.2;
				MTL_ENABLE_DEBUG_INFO = NO;
				SDKROOT = iphoneos;
				TARGETED_DEVICE_FAMILY = "1,2";
				VALIDATE_PRODUCT = YES;
			};
			name = Release;
		};
		05D6048C1C832349005C914F /* Debug */ = {
			isa = XCBuildConfiguration;
			baseConfigurationReference = EF126C5359FED78972CA1B0F /* Pods.debug.xcconfig */;
			buildSettings = {
				ASSETCATALOG_COMPILER_APPICON_NAME = AppIcon;
				CODE_SIGN_IDENTITY = "iPhone Developer: Alexis Suard (N735RCC8U2)";
				INFOPLIST_FILE = parky/Info.plist;
				IPHONEOS_DEPLOYMENT_TARGET = 8.1;
				LD_RUNPATH_SEARCH_PATHS = "$(inherited) @executable_path/Frameworks";
				PRODUCT_BUNDLE_IDENTIFIER = com.fatcontest.parky;
				PRODUCT_NAME = "$(TARGET_NAME)";
				PROVISIONING_PROFILE = "68be15a2-aa15-432c-9eb5-4b879e033659";
			};
			name = Debug;
		};
		05D6048D1C832349005C914F /* Release */ = {
			isa = XCBuildConfiguration;
			baseConfigurationReference = FB15CC181F80D0D8117C380B /* Pods.release.xcconfig */;
			buildSettings = {
				ASSETCATALOG_COMPILER_APPICON_NAME = AppIcon;
				CODE_SIGN_IDENTITY = "iPhone Developer: Alexis Suard (N735RCC8U2)";
				"CODE_SIGN_IDENTITY[sdk=iphoneos*]" = "iPhone Distribution: Alexis Suard (P9483E4355)";
				INFOPLIST_FILE = parky/Info.plist;
				IPHONEOS_DEPLOYMENT_TARGET = 8.1;
				LD_RUNPATH_SEARCH_PATHS = "$(inherited) @executable_path/Frameworks";
				PRODUCT_BUNDLE_IDENTIFIER = com.fatcontest.parky;
				PRODUCT_NAME = "$(TARGET_NAME)";
				PROVISIONING_PROFILE = "13797680-31d2-4a68-a8ab-0fd8caad81f0";
			};
			name = Release;
		};
		05D6048F1C832349005C914F /* Debug */ = {
			isa = XCBuildConfiguration;
			buildSettings = {
				BUNDLE_LOADER = "$(TEST_HOST)";
				INFOPLIST_FILE = parkyTests/Info.plist;
				LD_RUNPATH_SEARCH_PATHS = "$(inherited) @executable_path/Frameworks @loader_path/Frameworks";
				PRODUCT_BUNDLE_IDENTIFIER = com.fatcontest.parkyTests;
				PRODUCT_NAME = "$(TARGET_NAME)";
				TEST_HOST = "$(BUILT_PRODUCTS_DIR)/parky.app/parky";
			};
			name = Debug;
		};
		05D604901C832349005C914F /* Release */ = {
			isa = XCBuildConfiguration;
			buildSettings = {
				BUNDLE_LOADER = "$(TEST_HOST)";
				INFOPLIST_FILE = parkyTests/Info.plist;
				LD_RUNPATH_SEARCH_PATHS = "$(inherited) @executable_path/Frameworks @loader_path/Frameworks";
				PRODUCT_BUNDLE_IDENTIFIER = com.fatcontest.parkyTests;
				PRODUCT_NAME = "$(TARGET_NAME)";
				TEST_HOST = "$(BUILT_PRODUCTS_DIR)/parky.app/parky";
			};
			name = Release;
		};
		05D604921C832349005C914F /* Debug */ = {
			isa = XCBuildConfiguration;
			buildSettings = {
				INFOPLIST_FILE = parkyUITests/Info.plist;
				LD_RUNPATH_SEARCH_PATHS = "$(inherited) @executable_path/Frameworks @loader_path/Frameworks";
				PRODUCT_BUNDLE_IDENTIFIER = com.fatcontest.parkyUITests;
				PRODUCT_NAME = "$(TARGET_NAME)";
				TEST_TARGET_NAME = parky;
				USES_XCTRUNNER = YES;
			};
			name = Debug;
		};
		05D604931C832349005C914F /* Release */ = {
			isa = XCBuildConfiguration;
			buildSettings = {
				INFOPLIST_FILE = parkyUITests/Info.plist;
				LD_RUNPATH_SEARCH_PATHS = "$(inherited) @executable_path/Frameworks @loader_path/Frameworks";
				PRODUCT_BUNDLE_IDENTIFIER = com.fatcontest.parkyUITests;
				PRODUCT_NAME = "$(TARGET_NAME)";
				TEST_TARGET_NAME = parky;
				USES_XCTRUNNER = YES;
			};
			name = Release;
		};
/* End XCBuildConfiguration section */

/* Begin XCConfigurationList section */
		05D6045E1C832349005C914F /* Build configuration list for PBXProject "parky" */ = {
			isa = XCConfigurationList;
			buildConfigurations = (
				05D604891C832349005C914F /* Debug */,
				05D6048A1C832349005C914F /* Release */,
			);
			defaultConfigurationIsVisible = 0;
			defaultConfigurationName = Release;
		};
		05D6048B1C832349005C914F /* Build configuration list for PBXNativeTarget "parky" */ = {
			isa = XCConfigurationList;
			buildConfigurations = (
				05D6048C1C832349005C914F /* Debug */,
				05D6048D1C832349005C914F /* Release */,
			);
			defaultConfigurationIsVisible = 0;
			defaultConfigurationName = Release;
		};
		05D6048E1C832349005C914F /* Build configuration list for PBXNativeTarget "parkyTests" */ = {
			isa = XCConfigurationList;
			buildConfigurations = (
				05D6048F1C832349005C914F /* Debug */,
				05D604901C832349005C914F /* Release */,
			);
			defaultConfigurationIsVisible = 0;
			defaultConfigurationName = Release;
		};
		05D604911C832349005C914F /* Build configuration list for PBXNativeTarget "parkyUITests" */ = {
			isa = XCConfigurationList;
			buildConfigurations = (
				05D604921C832349005C914F /* Debug */,
				05D604931C832349005C914F /* Release */,
			);
			defaultConfigurationIsVisible = 0;
			defaultConfigurationName = Release;
		};
/* End XCConfigurationList section */
	};
	rootObject = 05D6045B1C832349005C914F /* Project object */;
}
